
Microsoft Visual Studio Solution File, Format Version 12.00
# Visual Studio Version 16
VisualStudioVersion = 16.0.30804.86
MinimumVisualStudioVersion = 10.0.40219.1
Project("{FAE04EC0-301F-11D3-BF4B-00C04F79EFBC}") = "Voice Recognition", "Voice Recognition\Voice Recognition.csproj", "{37E24ADC-DA71-42F3-AB4C-FB9CC8763084}"
EndProject
Global
	GlobalSection(SolutionConfigurationPlatforms) = preSolution
		Debug|Any CPU = Debug|Any CPU
		Release|Any CPU = Release|Any CPU
	EndGlobalSection
	GlobalSection(ProjectConfigurationPlatforms) = postSolution
		{37E24ADC-DA71-42F3-AB4C-FB9CC8763084}.Debug|Any CPU.ActiveCfg = Debug|Any CPU
		{37E24ADC-DA71-42F3-AB4C-FB9CC8763084}.Debug|Any CPU.Build.0 = Debug|Any CPU
		{37E24ADC-DA71-42F3-AB4C-FB9CC8763084}.Release|Any CPU.ActiveCfg = Release|Any CPU
		{37E24ADC-DA71-42F3-AB4C-FB9CC8763084}.Release|Any CPU.Build.0 = Release|Any CPU
	EndGlobalSection
	GlobalSection(SolutionProperties) = preSolution
		HideSolutionNode = FALSE
	EndGlobalSection
	GlobalSection(ExtensibilityGlobals) = postSolution
		SolutionGuid = {F7CD5147-93ED-4ECA-BE44-52314D4801E3}
	EndGlobalSection
EndGlobal
